// !$*UTF8*$!
{
	archiveVersion = 1;
	classes = {
	};
	objectVersion = 46;
	objects = {

/* Begin PBXBuildFile section */
		AB1E37661C0D3B7600D81C02 /* main.m in Sources */ = {isa = PBXBuildFile; fileRef = AB1E37651C0D3B7600D81C02 /* main.m */; };
		AB1E37691C0D3B7600D81C02 /* AppDelegate.m in Sources */ = {isa = PBXBuildFile; fileRef = AB1E37681C0D3B7600D81C02 /* AppDelegate.m */; };
		AB1E376C1C0D3B7600D81C02 /* ViewController.m in Sources */ = {isa = PBXBuildFile; fileRef = AB1E376B1C0D3B7600D81C02 /* ViewController.m */; };
		AB1E376F1C0D3B7600D81C02 /* Main.storyboard in Resources */ = {isa = PBXBuildFile; fileRef = AB1E376D1C0D3B7600D81C02 /* Main.storyboard */; };
		AB1E37711C0D3B7600D81C02 /* Assets.xcassets in Resources */ = {isa = PBXBuildFile; fileRef = AB1E37701C0D3B7600D81C02 /* Assets.xcassets */; };
		AB1E37741C0D3B7600D81C02 /* LaunchScreen.storyboard in Resources */ = {isa = PBXBuildFile; fileRef = AB1E37721C0D3B7600D81C02 /* LaunchScreen.storyboard */; };
/* End PBXBuildFile section */

/* Begin PBXFileReference section */
		AB1E37611C0D3B7600D81C02 /* andywang-local.app */ = {isa = PBXFileReference; explicitFileType = wrapper.application; includeInIndex = 0; path = "andywang-local.app"; sourceTree = BUILT_PRODUCTS_DIR; };
		AB1E37651C0D3B7600D81C02 /* main.m */ = {isa = PBXFileReference; lastKnownFileType = sourcecode.c.objc; path = main.m; sourceTree = "<group>"; };
		AB1E37671C0D3B7600D81C02 /* AppDelegate.h */ = {isa = PBXFileReference; lastKnownFileType = sourcecode.c.h; path = AppDelegate.h; sourceTree = "<group>"; };
		AB1E37681C0D3B7600D81C02 /* AppDelegate.m */ = {isa = PBXFileReference; lastKnownFileType = sourcecode.c.objc; path = AppDelegate.m; sourceTree = "<group>"; };
		AB1E376A1C0D3B7600D81C02 /* ViewController.h */ = {isa = PBXFileReference; lastKnownFileType = sourcecode.c.h; path = ViewController.h; sourceTree = "<group>"; };
		AB1E376B1C0D3B7600D81C02 /* ViewController.m */ = {isa = PBXFileReference; lastKnownFileType = sourcecode.c.objc; path = ViewController.m; sourceTree = "<group>"; };
		AB1E376E1C0D3B7600D81C02 /* Base */ = {isa = PBXFileReference; lastKnownFileType = file.storyboard; name = Base; path = Base.lproj/Main.storyboard; sourceTree = "<group>"; };
		AB1E37701C0D3B7600D81C02 /* Assets.xcassets */ = {isa = PBXFileReference; lastKnownFileType = folder.assetcatalog; path = Assets.xcassets; sourceTree = "<group>"; };
		AB1E37731C0D3B7600D81C02 /* Base */ = {isa = PBXFileReference; lastKnownFileType = file.storyboard; name = Base; path = Base.lproj/LaunchScreen.storyboard; sourceTree = "<group>"; };
		AB1E37751C0D3B7600D81C02 /* Info.plist */ = {isa = PBXFileReference; lastKnownFileType = text.plist.xml; path = Info.plist; sourceTree = "<group>"; };
/* End PBXFileReference section */

/* Begin PBXFrameworksBuildPhase section */
		AB1E375E1C0D3B7600D81C02 /* Frameworks */ = {
			isa = PBXFrameworksBuildPhase;
			buildActionMask = 2147483647;
			files = (
			);
			runOnlyForDeploymentPostprocessing = 0;
		};
/* End PBXFrameworksBuildPhase section */

/* Begin PBXGroup section */
		AB1E37581C0D3B7600D81C02 = {
			isa = PBXGroup;
			children = (
				AB1E37631C0D3B7600D81C02 /* andywang-local */,
				AB1E37621C0D3B7600D81C02 /* Products */,
			);
			sourceTree = "<group>";
		};
		AB1E37621C0D3B7600D81C02 /* Products */ = {
			isa = PBXGroup;
			children = (
				AB1E37611C0D3B7600D81C02 /* andywang-local.app */,
			);
			name = Products;
			sourceTree = "<group>";
		};
		AB1E37631C0D3B7600D81C02 /* andywang-local */ = {
			isa = PBXGroup;
			children = (
				AB1E37671C0D3B7600D81C02 /* AppDelegate.h */,
				AB1E37681C0D3B7600D81C02 /* AppDelegate.m */,
				AB1E376A1C0D3B7600D81C02 /* ViewController.h */,
				AB1E376B1C0D3B7600D81C02 /* ViewController.m */,
				AB1E376D1C0D3B7600D81C02 /* Main.storyboard */,
				AB1E37701C0D3B7600D81C02 /* Assets.xcassets */,
				AB1E37721C0D3B7600D81C02 /* LaunchScreen.storyboard */,
				AB1E37751C0D3B7600D81C02 /* Info.plist */,
				AB1E37641C0D3B7600D81C02 /* Supporting Files */,
			);
			path = "andywang-local";
			sourceTree = "<group>";
		};
		AB1E37641C0D3B7600D81C02 /* Supporting Files */ = {
			isa = PBXGroup;
			children = (
				AB1E37651C0D3B7600D81C02 /* main.m */,
			);
			name = "Supporting Files";
			sourceTree = "<group>";
		};
/* End PBXGroup section */

/* Begin PBXNativeTarget section */
		AB1E37601C0D3B7600D81C02 /* andywang-local */ = {
			isa = PBXNativeTarget;
			buildConfigurationList = AB1E37781C0D3B7600D81C02 /* Build configuration list for PBXNativeTarget "andywang-local" */;
			buildPhases = (
				AB1E375D1C0D3B7600D81C02 /* Sources */,
				AB1E375E1C0D3B7600D81C02 /* Frameworks */,
				AB1E375F1C0D3B7600D81C02 /* Resources */,
			);
			buildRules = (
			);
			dependencies = (
			);
			name = "andywang-local";
			productName = "andywang-local";
			productReference = AB1E37611C0D3B7600D81C02 /* andywang-local.app */;
			productType = "com.apple.product-type.application";
		};
/* End PBXNativeTarget section */

/* Begin PBXProject section */
		AB1E37591C0D3B7600D81C02 /* Project object */ = {
			isa = PBXProject;
			attributes = {
				LastUpgradeCheck = 0710;
				ORGANIZATIONNAME = WZF;
				TargetAttributes = {
					AB1E37601C0D3B7600D81C02 = {
						CreatedOnToolsVersion = 7.1;
					};
				};
			};
			buildConfigurationList = AB1E375C1C0D3B7600D81C02 /* Build configuration list for PBXProject "andywang-local" */;
			compatibilityVersion = "Xcode 3.2";
			developmentRegion = English;
			hasScannedForEncodings = 0;
			knownRegions = (
				en,
				Base,
			);
			mainGroup = AB1E37581C0D3B7600D81C02;
			productRefGroup = AB1E37621C0D3B7600D81C02 /* Products */;
			projectDirPath = "";
			projectRoot = "";
			targets = (
				AB1E37601C0D3B7600D81C02 /* andywang-local */,
			);
		};
/* End PBXProject section */

/* Begin PBXResourcesBuildPhase section */
		AB1E375F1C0D3B7600D81C02 /* Resources */ = {
			isa = PBXResourcesBuildPhase;
			buildActionMask = 2147483647;
			files = (
				AB1E37741C0D3B7600D81C02 /* LaunchScreen.storyboard in Resources */,
				AB1E37711C0D3B7600D81C02 /* Assets.xcassets in Resources */,
				AB1E376F1C0D3B7600D81C02 /* Main.storyboard in Resources */,
			);
			runOnlyForDeploymentPostprocessing = 0;
		};
/* End PBXResourcesBuildPhase section */

/* Begin PBXSourcesBuildPhase section */
		AB1E375D1C0D3B7600D81C02 /* Sources */ = {
			isa = PBXSourcesBuildPhase;
			buildActionMask = 2147483647;
			files = (
				AB1E376C1C0D3B7600D81C02 /* ViewController.m in Sources */,
				AB1E37691C0D3B7600D81C02 /* AppDelegate.m in Sources */,
				AB1E37661C0D3B7600D81C02 /* main.m in Sources */,
			);
			runOnlyForDeploymentPostprocessing = 0;
		};
/* End PBXSourcesBuildPhase section */

/* Begin PBXVariantGroup section */
		AB1E376D1C0D3B7600D81C02 /* Main.storyboard */ = {
			isa = PBXVariantGroup;
			children = (
				AB1E376E1C0D3B7600D81C02 /* Base */,
			);
			name = Main.storyboard;
			sourceTree = "<group>";
		};
		AB1E37721C0D3B7600D81C02 /* LaunchScreen.storyboard */ = {
			isa = PBXVariantGroup;
			children = (
				AB1E37731C0D3B7600D81C02 /* Base */,
			);
			name = LaunchScreen.storyboard;
			sourceTree = "<group>";
		};
/* End PBXVariantGroup section */

/* Begin XCBuildConfiguration section */
		AB1E37761C0D3B7600D81C02 /* Debug */ = {
			isa = XCBuildConfiguration;
			buildSettings = {
				ALWAYS_SEARCH_USER_PATHS = NO;
				CLANG_CXX_LANGUAGE_STANDARD = "gnu++0x";
				CLANG_CXX_LIBRARY = "libc++";
				CLANG_ENABLE_MODULES = YES;
				CLANG_ENABLE_OBJC_ARC = YES;
				CLANG_WARN_BOOL_CONVERSION = YES;
				CLANG_WARN_CONSTANT_CONVERSION = YES;
				CLANG_WARN_DIRECT_OBJC_ISA_USAGE = YES_ERROR;
				CLANG_WARN_EMPTY_BODY = YES;
				CLANG_WARN_ENUM_CONVERSION = YES;
				CLANG_WARN_INT_CONVERSION = YES;
				CLANG_WARN_OBJC_ROOT_CLASS = YES_ERROR;
				CLANG_WARN_UNREACHABLE_CODE = YES;
				CLANG_WARN__DUPLICATE_METHOD_MATCH = YES;
				"CODE_SIGN_IDENTITY[sdk=iphoneos*]" = "iPhone Developer";
				COPY_PHASE_STRIP = NO;
				DEBUG_INFORMATION_FORMAT = dwarf;
				ENABLE_STRICT_OBJC_MSGSEND = YES;
				ENABLE_TESTABILITY = YES;
				GCC_C_LANGUAGE_STANDARD = gnu99;
				GCC_DYNAMIC_NO_PIC = NO;
				GCC_NO_COMMON_BLOCKS = YES;
				GCC_OPTIMIZATION_LEVEL = 0;
				GCC_PREPROCESSOR_DEFINITIONS = (
					"DEBUG=1",
					"$(inherited)",
				);
				GCC_WARN_64_TO_32_BIT_CONVERSION = YES;
				GCC_WARN_ABOUT_RETURN_TYPE = YES_ERROR;
				GCC_WARN_UNDECLARED_SELECTOR = YES;
				GCC_WARN_UNINITIALIZED_AUTOS = YES_AGGRESSIVE;
				GCC_WARN_UNUSED_FUNCTION = YES;
				GCC_WARN_UNUSED_VARIABLE = YES;
				IPHONEOS_DEPLOYMENT_TARGET = 9.1;
				MTL_ENABLE_DEBUG_INFO = YES;
				ONLY_ACTIVE_ARCH = YES;
				SDKROOT = iphoneos;
			};
			name = Debug;
		};
		AB1E37771C0D3B7600D81C02 /* Release */ = {
			isa = XCBuildConfiguration;
			buildSettings = {
				ALWAYS_SEARCH_USER_PATHS = NO;
				CLANG_CXX_LANGUAGE_STANDARD = "gnu++0x";
				CLANG_CXX_LIBRARY = "libc++";
				CLANG_ENABLE_MODULES = YES;
				CLANG_ENABLE_OBJC_ARC = YES;
				CLANG_WARN_BOOL_CONVERSION = YES;
				CLANG_WARN_CONSTANT_CONVERSION = YES;
				CLANG_WARN_DIRECT_OBJC_ISA_USAGE = YES_ERROR;
				CLANG_WARN_EMPTY_BODY = YES;
				CLANG_WARN_ENUM_CONVERSION = YES;
				CLANG_WARN_INT_CONVERSION = YES;
				CLANG_WARN_OBJC_ROOT_CLASS = YES_ERROR;
				CLANG_WARN_UNREACHABLE_CODE = YES;
				CLANG_WARN__DUPLICATE_METHOD_MATCH = YES;
				"CODE_SIGN_IDENTITY[sdk=iphoneos*]" = "iPhone Developer";
				COPY_PHASE_STRIP = NO;
				DEBUG_INFORMATION_FORMAT = "dwarf-with-dsym";
				ENABLE_NS_ASSERTIONS = NO;
				ENABLE_STRICT_OBJC_MSGSEND = YES;
				GCC_C_LANGUAGE_STANDARD = gnu99;
				GCC_NO_COMMON_BLOCKS = YES;
				GCC_WARN_64_TO_32_BIT_CONVERSION = YES;
				GCC_WARN_ABOUT_RETURN_TYPE = YES_ERROR;
				GCC_WARN_UNDECLARED_SELECTOR = YES;
				GCC_WARN_UNINITIALIZED_AUTOS = YES_AGGRESSIVE;
				GCC_WARN_UNUSED_FUNCTION = YES;
				GCC_WARN_UNUSED_VARIABLE = YES;
				IPHONEOS_DEPLOYMENT_TARGET = 9.1;
				MTL_ENABLE_DEBUG_INFO = NO;
				SDKROOT = iphoneos;
				VALIDATE_PRODUCT = YES;
			};
			name = Release;
		};
		AB1E37791C0D3B7600D81C02 /* Debug */ = {
			isa = XCBuildConfiguration;
			buildSettings = {
				ASSETCATALOG_COMPILER_APPICON_NAME = AppIcon;
				INFOPLIST_FILE = "andywang-local/Info.plist";
				LD_RUNPATH_SEARCH_PATHS = "$(inherited) @executable_path/Frameworks";
				PRODUCT_BUNDLE_IDENTIFIER = "WZF.andywang-local";
				PRODUCT_NAME = "$(TARGET_NAME)";
			};
			name = Debug;
		};
		AB1E377A1C0D3B7600D81C02 /* Release */ = {
			isa = XCBuildConfiguration;
			buildSettings = {
				ASSETCATALOG_COMPILER_APPICON_NAME = AppIcon;
				INFOPLIST_FILE = "andywang-local/Info.plist";
				LD_RUNPATH_SEARCH_PATHS = "$(inherited) @executable_path/Frameworks";
				PRODUCT_BUNDLE_IDENTIFIER = "WZF.andywang-local";
				PRODUCT_NAME = "$(TARGET_NAME)";
			};
			name = Release;
		};
/* End XCBuildConfiguration section */

/* Begin XCConfigurationList section */
		AB1E375C1C0D3B7600D81C02 /* Build configuration list for PBXProject "andywang-local" */ = {
			isa = XCConfigurationList;
			buildConfigurations = (
				AB1E37761C0D3B7600D81C02 /* Debug */,
				AB1E37771C0D3B7600D81C02 /* Release */,
			);
			defaultConfigurationIsVisible = 0;
			defaultConfigurationName = Release;
		};
		AB1E37781C0D3B7600D81C02 /* Build configuration list for PBXNativeTarget "andywang-local" */ = {
			isa = XCConfigurationList;
			buildConfigurations = (
				AB1E37791C0D3B7600D81C02 /* Debug */,
				AB1E377A1C0D3B7600D81C02 /* Release */,
			);
			defaultConfigurationIsVisible = 0;
		};
/* End XCConfigurationList section */
	};
	rootObject = AB1E37591C0D3B7600D81C02 /* Project object */;
}
